{
  "name": "rules-demo",
  "version": "0.0.1",
  "lockfileVersion": 1,
  "requires": true,
  "dependencies": {
    "@wapc/as-guest": {
      "version": "0.2.1",
      "resolved": "https://registry.npmjs.org/@wapc/as-guest/-/as-guest-0.2.1.tgz",
      "integrity": "sha512-67qrVC5MflfdTuXCG4P5mysifGgIt+AshBX5ZC1uRWYsBpsxQzP1WP9w/4vWJtTyTXUomvL9unmKJq+dLwqfNw=="
    },
    "@wapc/as-msgpack": {
      "version": "0.1.11",
      "resolved": "https://registry.npmjs.org/@wapc/as-msgpack/-/as-msgpack-0.1.11.tgz",
      "integrity": "sha512-DhzSHU7Wp7Ndl8qjPO2NN7grBH7uCiGwT60EtoCDlfLMdjFfZwGsjvaHmvTtv285vyH/P9Pyhst5id0bJ0ePOg=="
    },
    "assemblyscript": {
      "version": "0.17.13",
      "resolved": "https://registry.npmjs.org/assemblyscript/-/assemblyscript-0.17.13.tgz",
      "integrity": "sha512-ok34czSbqkmoooaYA7j6S29QEBCgDu6DIQMN3A4AP9K8PjOilRPPxLkHYvbtyvrFr9bmscrlwPJDKF9LgcwXRw==",
      "dev": true,
      "requires": {
        "binaryen": "98.0.0-nightly.20201109",
        "long": "^4.0.0"
      }
    },
    "binaryen": {
      "version": "98.0.0-nightly.20201109",
      "resolved": "https://registry.npmjs.org/binaryen/-/binaryen-98.0.0-nightly.20201109.tgz",
      "integrity": "sha512-iRarAqdH5lMWlMBzrDuJgLYJR2g4QXk93iYE2zpr6gEZkb/jCgDpPUXdhuN11Ge1zZ/6By4DwA1mmifcx7FWaw==",
      "dev": true
    },
    "long": {
      "version": "4.0.0",
      "resolved": "https://registry.npmjs.org/long/-/long-4.0.0.tgz",
      "integrity": "sha512-XsP+KhQif4bjX1kbuSiySJFNAehNxgLb6hPRGJ9QsUr8ajHkuXGdrHmFUTUUXhDwVX2R5bY4JNZEwbUiMhV+MA==",
      "dev": true
    }
  }
}
